
Microsoft Visual Studio Solution File, Format Version 12.00
# Visual Studio 15
VisualStudioVersion = 15.0.27428.2011
MinimumVisualStudioVersion = 10.0.40219.1
Project("{9A19103F-16F7-4668-BE54-9A1E7A4F7556}") = "EntityFrameworkCore.RocksDB", "EntityFrameworkCore.RocksDB.csproj", "{83B28CD4-5506-4575-A5DD-D0045281143C}"
EndProject
Project("{FAE04EC0-301F-11D3-BF4B-00C04F79EFBC}") = "EntityFrameworkCore.RocksDB.Tests", "..\EntityFrameworkCore.RocksDB.Tests\EntityFrameworkCore.RocksDB.Tests.csproj", "{107DFB06-E827-4B5D-9BCB-CC0380ECE3FF}"
EndProject
Global
	GlobalSection(SolutionConfigurationPlatforms) = preSolution
		Debug|Any CPU = Debug|Any CPU
		Release|Any CPU = Release|Any CPU
	EndGlobalSection
	GlobalSection(ProjectConfigurationPlatforms) = postSolution
		{83B28CD4-5506-4575-A5DD-D0045281143C}.Debug|Any CPU.ActiveCfg = Debug|Any CPU
		{83B28CD4-5506-4575-A5DD-D0045281143C}.Debug|Any CPU.Build.0 = Debug|Any CPU
		{83B28CD4-5506-4575-A5DD-D0045281143C}.Release|Any CPU.ActiveCfg = Release|Any CPU
		{83B28CD4-5506-4575-A5DD-D0045281143C}.Release|Any CPU.Build.0 = Release|Any CPU
		{107DFB06-E827-4B5D-9BCB-CC0380ECE3FF}.Debug|Any CPU.ActiveCfg = Debug|Any CPU
		{107DFB06-E827-4B5D-9BCB-CC0380ECE3FF}.Debug|Any CPU.Build.0 = Debug|Any CPU
		{107DFB06-E827-4B5D-9BCB-CC0380ECE3FF}.Release|Any CPU.ActiveCfg = Release|Any CPU
		{107DFB06-E827-4B5D-9BCB-CC0380ECE3FF}.Release|Any CPU.Build.0 = Release|Any CPU
	EndGlobalSection
	GlobalSection(SolutionProperties) = preSolution
		HideSolutionNode = FALSE
	EndGlobalSection
	GlobalSection(ExtensibilityGlobals) = postSolution
		SolutionGuid = {F697241A-CA18-49CF-9A8D-D341264E9944}
	EndGlobalSection
EndGlobal
